
Microsoft Visual Studio Solution File, Format Version 12.00
# Visual Studio Version 17
VisualStudioVersion = 17.0.32014.148
MinimumVisualStudioVersion = 10.0.40219.1
Project("{FAE04EC0-301F-11D3-BF4B-00C04F79EFBC}") = "Home.Work.№ 5", "Home.Work.№ 5\Home.Work.№ 5.csproj", "{BB55976F-B743-4BF6-9DC4-CAF9EF0E707A}"
EndProject
Global
	GlobalSection(SolutionConfigurationPlatforms) = preSolution
		Debug|Any CPU = Debug|Any CPU
		Release|Any CPU = Release|Any CPU
	EndGlobalSection
	GlobalSection(ProjectConfigurationPlatforms) = postSolution
		{BB55976F-B743-4BF6-9DC4-CAF9EF0E707A}.Debug|Any CPU.ActiveCfg = Debug|Any CPU
		{BB55976F-B743-4BF6-9DC4-CAF9EF0E707A}.Debug|Any CPU.Build.0 = Debug|Any CPU
		{BB55976F-B743-4BF6-9DC4-CAF9EF0E707A}.Release|Any CPU.ActiveCfg = Release|Any CPU
		{BB55976F-B743-4BF6-9DC4-CAF9EF0E707A}.Release|Any CPU.Build.0 = Release|Any CPU
	EndGlobalSection
	GlobalSection(SolutionProperties) = preSolution
		HideSolutionNode = FALSE
	EndGlobalSection
	GlobalSection(ExtensibilityGlobals) = postSolution
		SolutionGuid = {74F3E887-CE0A-49BB-BE13-723264320059}
	EndGlobalSection
EndGlobal
